
Microsoft Visual Studio Solution File, Format Version 12.00
# Visual Studio Version 17
VisualStudioVersion = 17.10.34916.146
MinimumVisualStudioVersion = 10.0.40219.1
Project("{9A19103F-16F7-4668-BE54-9A1E7A4F7556}") = "ASPNetCoreMVCTutorial", "ASPNetCoreMVCTutorial.csproj", "{381E335B-F723-4C64-A6CA-E487A43D7DF8}"
EndProject
Global
	GlobalSection(SolutionConfigurationPlatforms) = preSolution
		Debug|Any CPU = Debug|Any CPU
		Release|Any CPU = Release|Any CPU
	EndGlobalSection
	GlobalSection(ProjectConfigurationPlatforms) = postSolution
		{381E335B-F723-4C64-A6CA-E487A43D7DF8}.Debug|Any CPU.ActiveCfg = Debug|Any CPU
		{381E335B-F723-4C64-A6CA-E487A43D7DF8}.Debug|Any CPU.Build.0 = Debug|Any CPU
		{381E335B-F723-4C64-A6CA-E487A43D7DF8}.Release|Any CPU.ActiveCfg = Release|Any CPU
		{381E335B-F723-4C64-A6CA-E487A43D7DF8}.Release|Any CPU.Build.0 = Release|Any CPU
	EndGlobalSection
	GlobalSection(SolutionProperties) = preSolution
		HideSolutionNode = FALSE
	EndGlobalSection
	GlobalSection(ExtensibilityGlobals) = postSolution
		SolutionGuid = {92552FB2-98EC-4F62-B6BD-5AD389AEC785}
	EndGlobalSection
EndGlobal
